
Microsoft Visual Studio Solution File, Format Version 12.00
# Visual Studio Version 17
VisualStudioVersion = 17.2.32630.192
MinimumVisualStudioVersion = 10.0.40219.1
Project("{F2A71F9B-5D33-465A-A702-920D77279786}") = "FunctionalСalculator", "FunctionalСalculator\FunctionalСalculator.fsproj", "{D3F543B1-D80C-4468-B624-3C9264D1BD4C}"
EndProject
Global
	GlobalSection(SolutionConfigurationPlatforms) = preSolution
		Debug|Any CPU = Debug|Any CPU
		Release|Any CPU = Release|Any CPU
	EndGlobalSection
	GlobalSection(ProjectConfigurationPlatforms) = postSolution
		{D3F543B1-D80C-4468-B624-3C9264D1BD4C}.Debug|Any CPU.ActiveCfg = Debug|Any CPU
		{D3F543B1-D80C-4468-B624-3C9264D1BD4C}.Debug|Any CPU.Build.0 = Debug|Any CPU
		{D3F543B1-D80C-4468-B624-3C9264D1BD4C}.Release|Any CPU.ActiveCfg = Release|Any CPU
		{D3F543B1-D80C-4468-B624-3C9264D1BD4C}.Release|Any CPU.Build.0 = Release|Any CPU
	EndGlobalSection
	GlobalSection(SolutionProperties) = preSolution
		HideSolutionNode = FALSE
	EndGlobalSection
	GlobalSection(ExtensibilityGlobals) = postSolution
		SolutionGuid = {AA3D3CDA-7CA5-483F-9D52-5F624D36581F}
	EndGlobalSection
EndGlobal
